// !$*UTF8*$!
{
	archiveVersion = 1;
	classes = {
	};
	objectVersion = 46;
	objects = {

/* Begin PBXBuildFile section */
		D59B2D451E83A01B00426CC7 /* main.m in Sources */ = {isa = PBXBuildFile; fileRef = D59B2D441E83A01B00426CC7 /* main.m */; };
		D59B2D481E83A01B00426CC7 /* AppDelegate.m in Sources */ = {isa = PBXBuildFile; fileRef = D59B2D471E83A01B00426CC7 /* AppDelegate.m */; };
		D59B2D4B1E83A01B00426CC7 /* ViewController.m in Sources */ = {isa = PBXBuildFile; fileRef = D59B2D4A1E83A01B00426CC7 /* ViewController.m */; };
		D59B2D4E1E83A01B00426CC7 /* Main.storyboard in Resources */ = {isa = PBXBuildFile; fileRef = D59B2D4C1E83A01B00426CC7 /* Main.storyboard */; };
		D59B2D501E83A01B00426CC7 /* Assets.xcassets in Resources */ = {isa = PBXBuildFile; fileRef = D59B2D4F1E83A01B00426CC7 /* Assets.xcassets */; };
		D59B2D5E1E83A01B00426CC7 /* dPongTests.m in Sources */ = {isa = PBXBuildFile; fileRef = D59B2D5D1E83A01B00426CC7 /* dPongTests.m */; };
		D59B2D691E83A01B00426CC7 /* dPongUITests.m in Sources */ = {isa = PBXBuildFile; fileRef = D59B2D681E83A01B00426CC7 /* dPongUITests.m */; };
		D59B2D781E83A09300426CC7 /* Game.m in Sources */ = {isa = PBXBuildFile; fileRef = D59B2D771E83A09300426CC7 /* Game.m */; };
		D59B2D941E83AF9100426CC7 /* Ball.png in Resources */ = {isa = PBXBuildFile; fileRef = D59B2D931E83AF9100426CC7 /* Ball.png */; };
		D59B2D961E83AF9700426CC7 /* bg.jpg in Resources */ = {isa = PBXBuildFile; fileRef = D59B2D951E83AF9700426CC7 /* bg.jpg */; };
		D59B2D981E83AFA000426CC7 /* Paddle.png in Resources */ = {isa = PBXBuildFile; fileRef = D59B2D971E83AFA000426CC7 /* Paddle.png */; };
		D59B2D9C1E83B81200426CC7 /* bbg.jpeg in Resources */ = {isa = PBXBuildFile; fileRef = D59B2D9B1E83B81200426CC7 /* bbg.jpeg */; };
		D59B2D9E1E83B86E00426CC7 /* bbg1.jpeg in Resources */ = {isa = PBXBuildFile; fileRef = D59B2D9D1E83B86E00426CC7 /* bbg1.jpeg */; };
		D59B2DA01E83B89D00426CC7 /* logo.png in Resources */ = {isa = PBXBuildFile; fileRef = D59B2D9F1E83B89D00426CC7 /* logo.png */; };
		D59B2DA21E83B95400426CC7 /* bjg.jpg in Resources */ = {isa = PBXBuildFile; fileRef = D59B2DA11E83B95400426CC7 /* bjg.jpg */; };
/* End PBXBuildFile section */

/* Begin PBXContainerItemProxy section */
		D59B2D5A1E83A01B00426CC7 /* PBXContainerItemProxy */ = {
			isa = PBXContainerItemProxy;
			containerPortal = D59B2D381E83A01B00426CC7 /* Project object */;
			proxyType = 1;
			remoteGlobalIDString = D59B2D3F1E83A01B00426CC7;
			remoteInfo = dPong;
		};
		D59B2D651E83A01B00426CC7 /* PBXContainerItemProxy */ = {
			isa = PBXContainerItemProxy;
			containerPortal = D59B2D381E83A01B00426CC7 /* Project object */;
			proxyType = 1;
			remoteGlobalIDString = D59B2D3F1E83A01B00426CC7;
			remoteInfo = dPong;
		};
/* End PBXContainerItemProxy section */

/* Begin PBXFileReference section */
		D59B2D401E83A01B00426CC7 /* dPong.app */ = {isa = PBXFileReference; explicitFileType = wrapper.application; includeInIndex = 0; path = dPong.app; sourceTree = BUILT_PRODUCTS_DIR; };
		D59B2D441E83A01B00426CC7 /* main.m */ = {isa = PBXFileReference; lastKnownFileType = sourcecode.c.objc; path = main.m; sourceTree = "<group>"; };
		D59B2D461E83A01B00426CC7 /* AppDelegate.h */ = {isa = PBXFileReference; lastKnownFileType = sourcecode.c.h; path = AppDelegate.h; sourceTree = "<group>"; };
		D59B2D471E83A01B00426CC7 /* AppDelegate.m */ = {isa = PBXFileReference; lastKnownFileType = sourcecode.c.objc; path = AppDelegate.m; sourceTree = "<group>"; };
		D59B2D491E83A01B00426CC7 /* ViewController.h */ = {isa = PBXFileReference; lastKnownFileType = sourcecode.c.h; path = ViewController.h; sourceTree = "<group>"; };
		D59B2D4A1E83A01B00426CC7 /* ViewController.m */ = {isa = PBXFileReference; lastKnownFileType = sourcecode.c.objc; path = ViewController.m; sourceTree = "<group>"; };
		D59B2D4D1E83A01B00426CC7 /* Base */ = {isa = PBXFileReference; lastKnownFileType = file.storyboard; name = Base; path = Base.lproj/Main.storyboard; sourceTree = "<group>"; };
		D59B2D4F1E83A01B00426CC7 /* Assets.xcassets */ = {isa = PBXFileReference; lastKnownFileType = folder.assetcatalog; path = Assets.xcassets; sourceTree = "<group>"; };
		D59B2D541E83A01B00426CC7 /* Info.plist */ = {isa = PBXFileReference; lastKnownFileType = text.plist.xml; path = Info.plist; sourceTree = "<group>"; };
		D59B2D591E83A01B00426CC7 /* dPongTests.xctest */ = {isa = PBXFileReference; explicitFileType = wrapper.cfbundle; includeInIndex = 0; path = dPongTests.xctest; sourceTree = BUILT_PRODUCTS_DIR; };
		D59B2D5D1E83A01B00426CC7 /* dPongTests.m */ = {isa = PBXFileReference; lastKnownFileType = sourcecode.c.objc; path = dPongTests.m; sourceTree = "<group>"; };
		D59B2D5F1E83A01B00426CC7 /* Info.plist */ = {isa = PBXFileReference; lastKnownFileType = text.plist.xml; path = Info.plist; sourceTree = "<group>"; };
		D59B2D641E83A01B00426CC7 /* dPongUITests.xctest */ = {isa = PBXFileReference; explicitFileType = wrapper.cfbundle; includeInIndex = 0; path = dPongUITests.xctest; sourceTree = BUILT_PRODUCTS_DIR; };
		D59B2D681E83A01B00426CC7 /* dPongUITests.m */ = {isa = PBXFileReference; lastKnownFileType = sourcecode.c.objc; path = dPongUITests.m; sourceTree = "<group>"; };
		D59B2D6A1E83A01B00426CC7 /* Info.plist */ = {isa = PBXFileReference; lastKnownFileType = text.plist.xml; path = Info.plist; sourceTree = "<group>"; };
		D59B2D761E83A09300426CC7 /* Game.h */ = {isa = PBXFileReference; fileEncoding = 4; lastKnownFileType = sourcecode.c.h; path = Game.h; sourceTree = "<group>"; };
		D59B2D771E83A09300426CC7 /* Game.m */ = {isa = PBXFileReference; fileEncoding = 4; lastKnownFileType = sourcecode.c.objc; path = Game.m; sourceTree = "<group>"; };
		D59B2D931E83AF9100426CC7 /* Ball.png */ = {isa = PBXFileReference; lastKnownFileType = image.png; name = Ball.png; path = dPong/Ball.png; sourceTree = "<group>"; };
		D59B2D951E83AF9700426CC7 /* bg.jpg */ = {isa = PBXFileReference; lastKnownFileType = image.jpeg; name = bg.jpg; path = dPong/bg.jpg; sourceTree = "<group>"; };
		D59B2D971E83AFA000426CC7 /* Paddle.png */ = {isa = PBXFileReference; lastKnownFileType = image.png; name = Paddle.png; path = dPong/Paddle.png; sourceTree = "<group>"; };
		D59B2D9B1E83B81200426CC7 /* bbg.jpeg */ = {isa = PBXFileReference; lastKnownFileType = image.jpeg; path = bbg.jpeg; sourceTree = "<group>"; };
		D59B2D9D1E83B86E00426CC7 /* bbg1.jpeg */ = {isa = PBXFileReference; lastKnownFileType = image.jpeg; path = bbg1.jpeg; sourceTree = "<group>"; };
		D59B2D9F1E83B89D00426CC7 /* logo.png */ = {isa = PBXFileReference; lastKnownFileType = image.png; name = logo.png; path = dPong/logo.png; sourceTree = "<group>"; };
		D59B2DA11E83B95400426CC7 /* bjg.jpg */ = {isa = PBXFileReference; lastKnownFileType = image.jpeg; path = bjg.jpg; sourceTree = "<group>"; };
/* End PBXFileReference section */

/* Begin PBXFrameworksBuildPhase section */
		D59B2D3D1E83A01B00426CC7 /* Frameworks */ = {
			isa = PBXFrameworksBuildPhase;
			buildActionMask = 2147483647;
			files = (
			);
			runOnlyForDeploymentPostprocessing = 0;
		};
		D59B2D561E83A01B00426CC7 /* Frameworks */ = {
			isa = PBXFrameworksBuildPhase;
			buildActionMask = 2147483647;
			files = (
			);
			runOnlyForDeploymentPostprocessing = 0;
		};
		D59B2D611E83A01B00426CC7 /* Frameworks */ = {
			isa = PBXFrameworksBuildPhase;
			buildActionMask = 2147483647;
			files = (
			);
			runOnlyForDeploymentPostprocessing = 0;
		};
/* End PBXFrameworksBuildPhase section */

/* Begin PBXGroup section */
		D59B2D371E83A01B00426CC7 = {
			isa = PBXGroup;
			children = (
				D59B2DA11E83B95400426CC7 /* bjg.jpg */,
				D59B2D9F1E83B89D00426CC7 /* logo.png */,
				D59B2D971E83AFA000426CC7 /* Paddle.png */,
				D59B2D951E83AF9700426CC7 /* bg.jpg */,
				D59B2D931E83AF9100426CC7 /* Ball.png */,
				D59B2D421E83A01B00426CC7 /* dPong */,
				D59B2D5C1E83A01B00426CC7 /* dPongTests */,
				D59B2D671E83A01B00426CC7 /* dPongUITests */,
				D59B2D411E83A01B00426CC7 /* Products */,
			);
			sourceTree = "<group>";
		};
		D59B2D411E83A01B00426CC7 /* Products */ = {
			isa = PBXGroup;
			children = (
				D59B2D401E83A01B00426CC7 /* dPong.app */,
				D59B2D591E83A01B00426CC7 /* dPongTests.xctest */,
				D59B2D641E83A01B00426CC7 /* dPongUITests.xctest */,
			);
			name = Products;
			sourceTree = "<group>";
		};
		D59B2D421E83A01B00426CC7 /* dPong */ = {
			isa = PBXGroup;
			children = (
				D59B2D461E83A01B00426CC7 /* AppDelegate.h */,
				D59B2D471E83A01B00426CC7 /* AppDelegate.m */,
				D59B2D491E83A01B00426CC7 /* ViewController.h */,
				D59B2D4A1E83A01B00426CC7 /* ViewController.m */,
				D59B2D761E83A09300426CC7 /* Game.h */,
				D59B2D771E83A09300426CC7 /* Game.m */,
				D59B2D4C1E83A01B00426CC7 /* Main.storyboard */,
				D59B2D9D1E83B86E00426CC7 /* bbg1.jpeg */,
				D59B2D9B1E83B81200426CC7 /* bbg.jpeg */,
				D59B2D4F1E83A01B00426CC7 /* Assets.xcassets */,
				D59B2D541E83A01B00426CC7 /* Info.plist */,
				D59B2D431E83A01B00426CC7 /* Supporting Files */,
			);
			path = dPong;
			sourceTree = "<group>";
		};
		D59B2D431E83A01B00426CC7 /* Supporting Files */ = {
			isa = PBXGroup;
			children = (
				D59B2D441E83A01B00426CC7 /* main.m */,
			);
			name = "Supporting Files";
			sourceTree = "<group>";
		};
		D59B2D5C1E83A01B00426CC7 /* dPongTests */ = {
			isa = PBXGroup;
			children = (
				D59B2D5D1E83A01B00426CC7 /* dPongTests.m */,
				D59B2D5F1E83A01B00426CC7 /* Info.plist */,
			);
			path = dPongTests;
			sourceTree = "<group>";
		};
		D59B2D671E83A01B00426CC7 /* dPongUITests */ = {
			isa = PBXGroup;
			children = (
				D59B2D681E83A01B00426CC7 /* dPongUITests.m */,
				D59B2D6A1E83A01B00426CC7 /* Info.plist */,
			);
			path = dPongUITests;
			sourceTree = "<group>";
		};
/* End PBXGroup section */

/* Begin PBXNativeTarget section */
		D59B2D3F1E83A01B00426CC7 /* dPong */ = {
			isa = PBXNativeTarget;
			buildConfigurationList = D59B2D6D1E83A01B00426CC7 /* Build configuration list for PBXNativeTarget "dPong" */;
			buildPhases = (
				D59B2D3C1E83A01B00426CC7 /* Sources */,
				D59B2D3D1E83A01B00426CC7 /* Frameworks */,
				D59B2D3E1E83A01B00426CC7 /* Resources */,
			);
			buildRules = (
			);
			dependencies = (
			);
			name = dPong;
			productName = dPong;
			productReference = D59B2D401E83A01B00426CC7 /* dPong.app */;
			productType = "com.apple.product-type.application";
		};
		D59B2D581E83A01B00426CC7 /* dPongTests */ = {
			isa = PBXNativeTarget;
			buildConfigurationList = D59B2D701E83A01B00426CC7 /* Build configuration list for PBXNativeTarget "dPongTests" */;
			buildPhases = (
				D59B2D551E83A01B00426CC7 /* Sources */,
				D59B2D561E83A01B00426CC7 /* Frameworks */,
				D59B2D571E83A01B00426CC7 /* Resources */,
			);
			buildRules = (
			);
			dependencies = (
				D59B2D5B1E83A01B00426CC7 /* PBXTargetDependency */,
			);
			name = dPongTests;
			productName = dPongTests;
			productReference = D59B2D591E83A01B00426CC7 /* dPongTests.xctest */;
			productType = "com.apple.product-type.bundle.unit-test";
		};
		D59B2D631E83A01B00426CC7 /* dPongUITests */ = {
			isa = PBXNativeTarget;
			buildConfigurationList = D59B2D731E83A01B00426CC7 /* Build configuration list for PBXNativeTarget "dPongUITests" */;
			buildPhases = (
				D59B2D601E83A01B00426CC7 /* Sources */,
				D59B2D611E83A01B00426CC7 /* Frameworks */,
				D59B2D621E83A01B00426CC7 /* Resources */,
			);
			buildRules = (
			);
			dependencies = (
				D59B2D661E83A01B00426CC7 /* PBXTargetDependency */,
			);
			name = dPongUITests;
			productName = dPongUITests;
			productReference = D59B2D641E83A01B00426CC7 /* dPongUITests.xctest */;
			productType = "com.apple.product-type.bundle.ui-testing";
		};
/* End PBXNativeTarget section */

/* Begin PBXProject section */
		D59B2D381E83A01B00426CC7 /* Project object */ = {
			isa = PBXProject;
			attributes = {
				LastUpgradeCheck = 0820;
				ORGANIZATIONNAME = "Dipankar Ghosh";
				TargetAttributes = {
					D59B2D3F1E83A01B00426CC7 = {
						CreatedOnToolsVersion = 8.2.1;
						DevelopmentTeam = 4577HC2F73;
						ProvisioningStyle = Automatic;
					};
					D59B2D581E83A01B00426CC7 = {
						CreatedOnToolsVersion = 8.2.1;
						ProvisioningStyle = Automatic;
						TestTargetID = D59B2D3F1E83A01B00426CC7;
					};
					D59B2D631E83A01B00426CC7 = {
						CreatedOnToolsVersion = 8.2.1;
						ProvisioningStyle = Automatic;
						TestTargetID = D59B2D3F1E83A01B00426CC7;
					};
				};
			};
			buildConfigurationList = D59B2D3B1E83A01B00426CC7 /* Build configuration list for PBXProject "dPong" */;
			compatibilityVersion = "Xcode 3.2";
			developmentRegion = English;
			hasScannedForEncodings = 0;
			knownRegions = (
				en,
				Base,
			);
			mainGroup = D59B2D371E83A01B00426CC7;
			productRefGroup = D59B2D411E83A01B00426CC7 /* Products */;
			projectDirPath = "";
			projectRoot = "";
			targets = (
				D59B2D3F1E83A01B00426CC7 /* dPong */,
				D59B2D581E83A01B00426CC7 /* dPongTests */,
				D59B2D631E83A01B00426CC7 /* dPongUITests */,
			);
		};
/* End PBXProject section */

/* Begin PBXResourcesBuildPhase section */
		D59B2D3E1E83A01B00426CC7 /* Resources */ = {
			isa = PBXResourcesBuildPhase;
			buildActionMask = 2147483647;
			files = (
				D59B2D961E83AF9700426CC7 /* bg.jpg in Resources */,
				D59B2D9E1E83B86E00426CC7 /* bbg1.jpeg in Resources */,
				D59B2D981E83AFA000426CC7 /* Paddle.png in Resources */,
				D59B2D9C1E83B81200426CC7 /* bbg.jpeg in Resources */,
				D59B2DA01E83B89D00426CC7 /* logo.png in Resources */,
				D59B2D501E83A01B00426CC7 /* Assets.xcassets in Resources */,
				D59B2DA21E83B95400426CC7 /* bjg.jpg in Resources */,
				D59B2D941E83AF9100426CC7 /* Ball.png in Resources */,
				D59B2D4E1E83A01B00426CC7 /* Main.storyboard in Resources */,
			);
			runOnlyForDeploymentPostprocessing = 0;
		};
		D59B2D571E83A01B00426CC7 /* Resources */ = {
			isa = PBXResourcesBuildPhase;
			buildActionMask = 2147483647;
			files = (
			);
			runOnlyForDeploymentPostprocessing = 0;
		};
		D59B2D621E83A01B00426CC7 /* Resources */ = {
			isa = PBXResourcesBuildPhase;
			buildActionMask = 2147483647;
			files = (
			);
			runOnlyForDeploymentPostprocessing = 0;
		};
/* End PBXResourcesBuildPhase section */

/* Begin PBXSourcesBuildPhase section */
		D59B2D3C1E83A01B00426CC7 /* Sources */ = {
			isa = PBXSourcesBuildPhase;
			buildActionMask = 2147483647;
			files = (
				D59B2D4B1E83A01B00426CC7 /* ViewController.m in Sources */,
				D59B2D481E83A01B00426CC7 /* AppDelegate.m in Sources */,
				D59B2D451E83A01B00426CC7 /* main.m in Sources */,
				D59B2D781E83A09300426CC7 /* Game.m in Sources */,
			);
			runOnlyForDeploymentPostprocessing = 0;
		};
		D59B2D551E83A01B00426CC7 /* Sources */ = {
			isa = PBXSourcesBuildPhase;
			buildActionMask = 2147483647;
			files = (
				D59B2D5E1E83A01B00426CC7 /* dPongTests.m in Sources */,
			);
			runOnlyForDeploymentPostprocessing = 0;
		};
		D59B2D601E83A01B00426CC7 /* Sources */ = {
			isa = PBXSourcesBuildPhase;
			buildActionMask = 2147483647;
			files = (
				D59B2D691E83A01B00426CC7 /* dPongUITests.m in Sources */,
			);
			runOnlyForDeploymentPostprocessing = 0;
		};
/* End PBXSourcesBuildPhase section */

/* Begin PBXTargetDependency section */
		D59B2D5B1E83A01B00426CC7 /* PBXTargetDependency */ = {
			isa = PBXTargetDependency;
			target = D59B2D3F1E83A01B00426CC7 /* dPong */;
			targetProxy = D59B2D5A1E83A01B00426CC7 /* PBXContainerItemProxy */;
		};
		D59B2D661E83A01B00426CC7 /* PBXTargetDependency */ = {
			isa = PBXTargetDependency;
			target = D59B2D3F1E83A01B00426CC7 /* dPong */;
			targetProxy = D59B2D651E83A01B00426CC7 /* PBXContainerItemProxy */;
		};
/* End PBXTargetDependency section */

/* Begin PBXVariantGroup section */
		D59B2D4C1E83A01B00426CC7 /* Main.storyboard */ = {
			isa = PBXVariantGroup;
			children = (
				D59B2D4D1E83A01B00426CC7 /* Base */,
			);
			name = Main.storyboard;
			sourceTree = "<group>";
		};
/* End PBXVariantGroup section */

/* Begin XCBuildConfiguration section */
		D59B2D6B1E83A01B00426CC7 /* Debug */ = {
			isa = XCBuildConfiguration;
			buildSettings = {
				ALWAYS_SEARCH_USER_PATHS = NO;
				CLANG_ANALYZER_NONNULL = YES;
				CLANG_CXX_LANGUAGE_STANDARD = "gnu++0x";
				CLANG_CXX_LIBRARY = "libc++";
				CLANG_ENABLE_MODULES = YES;
				CLANG_ENABLE_OBJC_ARC = YES;
				CLANG_WARN_BOOL_CONVERSION = YES;
				CLANG_WARN_CONSTANT_CONVERSION = YES;
				CLANG_WARN_DIRECT_OBJC_ISA_USAGE = YES_ERROR;
				CLANG_WARN_DOCUMENTATION_COMMENTS = YES;
				CLANG_WARN_EMPTY_BODY = YES;
				CLANG_WARN_ENUM_CONVERSION = YES;
				CLANG_WARN_INFINITE_RECURSION = YES;
				CLANG_WARN_INT_CONVERSION = YES;
				CLANG_WARN_OBJC_ROOT_CLASS = YES_ERROR;
				CLANG_WARN_SUSPICIOUS_MOVE = YES;
				CLANG_WARN_UNREACHABLE_CODE = YES;
				CLANG_WARN__DUPLICATE_METHOD_MATCH = YES;
				"CODE_SIGN_IDENTITY[sdk=iphoneos*]" = "iPhone Developer";
				COPY_PHASE_STRIP = NO;
				DEBUG_INFORMATION_FORMAT = dwarf;
				ENABLE_STRICT_OBJC_MSGSEND = YES;
				ENABLE_TESTABILITY = YES;
				GCC_C_LANGUAGE_STANDARD = gnu99;
				GCC_DYNAMIC_NO_PIC = NO;
				GCC_NO_COMMON_BLOCKS = YES;
				GCC_OPTIMIZATION_LEVEL = 0;
				GCC_PREPROCESSOR_DEFINITIONS = (
					"DEBUG=1",
					"$(inherited)",
				);
				GCC_WARN_64_TO_32_BIT_CONVERSION = YES;
				GCC_WARN_ABOUT_RETURN_TYPE = YES_ERROR;
				GCC_WARN_UNDECLARED_SELECTOR = YES;
				GCC_WARN_UNINITIALIZED_AUTOS = YES_AGGRESSIVE;
				GCC_WARN_UNUSED_FUNCTION = YES;
				GCC_WARN_UNUSED_VARIABLE = YES;
				IPHONEOS_DEPLOYMENT_TARGET = 10.2;
				MTL_ENABLE_DEBUG_INFO = YES;
				ONLY_ACTIVE_ARCH = YES;
				SDKROOT = iphoneos;
			};
			name = Debug;
		};
		D59B2D6C1E83A01B00426CC7 /* Release */ = {
			isa = XCBuildConfiguration;
			buildSettings = {
				ALWAYS_SEARCH_USER_PATHS = NO;
				CLANG_ANALYZER_NONNULL = YES;
				CLANG_CXX_LANGUAGE_STANDARD = "gnu++0x";
				CLANG_CXX_LIBRARY = "libc++";
				CLANG_ENABLE_MODULES = YES;
				CLANG_ENABLE_OBJC_ARC = YES;
				CLANG_WARN_BOOL_CONVERSION = YES;
				CLANG_WARN_CONSTANT_CONVERSION = YES;
				CLANG_WARN_DIRECT_OBJC_ISA_USAGE = YES_ERROR;
				CLANG_WARN_DOCUMENTATION_COMMENTS = YES;
				CLANG_WARN_EMPTY_BODY = YES;
				CLANG_WARN_ENUM_CONVERSION = YES;
				CLANG_WARN_INFINITE_RECURSION = YES;
				CLANG_WARN_INT_CONVERSION = YES;
				CLANG_WARN_OBJC_ROOT_CLASS = YES_ERROR;
				CLANG_WARN_SUSPICIOUS_MOVE = YES;
				CLANG_WARN_UNREACHABLE_CODE = YES;
				CLANG_WARN__DUPLICATE_METHOD_MATCH = YES;
				"CODE_SIGN_IDENTITY[sdk=iphoneos*]" = "iPhone Developer";
				COPY_PHASE_STRIP = NO;
				DEBUG_INFORMATION_FORMAT = "dwarf-with-dsym";
				ENABLE_NS_ASSERTIONS = NO;
				ENABLE_STRICT_OBJC_MSGSEND = YES;
				GCC_C_LANGUAGE_STANDARD = gnu99;
				GCC_NO_COMMON_BLOCKS = YES;
				GCC_WARN_64_TO_32_BIT_CONVERSION = YES;
				GCC_WARN_ABOUT_RETURN_TYPE = YES_ERROR;
				GCC_WARN_UNDECLARED_SELECTOR = YES;
				GCC_WARN_UNINITIALIZED_AUTOS = YES_AGGRESSIVE;
				GCC_WARN_UNUSED_FUNCTION = YES;
				GCC_WARN_UNUSED_VARIABLE = YES;
				IPHONEOS_DEPLOYMENT_TARGET = 10.2;
				MTL_ENABLE_DEBUG_INFO = NO;
				SDKROOT = iphoneos;
				VALIDATE_PRODUCT = YES;
			};
			name = Release;
		};
		D59B2D6E1E83A01B00426CC7 /* Debug */ = {
			isa = XCBuildConfiguration;
			buildSettings = {
				ASSETCATALOG_COMPILER_APPICON_NAME = AppIcon;
				DEVELOPMENT_TEAM = 4577HC2F73;
				INFOPLIST_FILE = dPong/Info.plist;
				IPHONEOS_DEPLOYMENT_TARGET = 8.1;
				LD_RUNPATH_SEARCH_PATHS = "$(inherited) @executable_path/Frameworks";
				PRODUCT_BUNDLE_IDENTIFIER = dghosh.dPong;
				PRODUCT_NAME = "$(TARGET_NAME)";
			};
			name = Debug;
		};
		D59B2D6F1E83A01B00426CC7 /* Release */ = {
			isa = XCBuildConfiguration;
			buildSettings = {
				ASSETCATALOG_COMPILER_APPICON_NAME = AppIcon;
				DEVELOPMENT_TEAM = 4577HC2F73;
				INFOPLIST_FILE = dPong/Info.plist;
				IPHONEOS_DEPLOYMENT_TARGET = 8.1;
				LD_RUNPATH_SEARCH_PATHS = "$(inherited) @executable_path/Frameworks";
				PRODUCT_BUNDLE_IDENTIFIER = dghosh.dPong;
				PRODUCT_NAME = "$(TARGET_NAME)";
			};
			name = Release;
		};
		D59B2D711E83A01B00426CC7 /* Debug */ = {
			isa = XCBuildConfiguration;
			buildSettings = {
				BUNDLE_LOADER = "$(TEST_HOST)";
				INFOPLIST_FILE = dPongTests/Info.plist;
				LD_RUNPATH_SEARCH_PATHS = "$(inherited) @executable_path/Frameworks @loader_path/Frameworks";
				PRODUCT_BUNDLE_IDENTIFIER = dghosh.dPongTests;
				PRODUCT_NAME = "$(TARGET_NAME)";
				TEST_HOST = "$(BUILT_PRODUCTS_DIR)/dPong.app/dPong";
			};
			name = Debug;
		};
		D59B2D721E83A01B00426CC7 /* Release */ = {
			isa = XCBuildConfiguration;
			buildSettings = {
				BUNDLE_LOADER = "$(TEST_HOST)";
				INFOPLIST_FILE = dPongTests/Info.plist;
				LD_RUNPATH_SEARCH_PATHS = "$(inherited) @executable_path/Frameworks @loader_path/Frameworks";
				PRODUCT_BUNDLE_IDENTIFIER = dghosh.dPongTests;
				PRODUCT_NAME = "$(TARGET_NAME)";
				TEST_HOST = "$(BUILT_PRODUCTS_DIR)/dPong.app/dPong";
			};
			name = Release;
		};
		D59B2D741E83A01B00426CC7 /* Debug */ = {
			isa = XCBuildConfiguration;
			buildSettings = {
				INFOPLIST_FILE = dPongUITests/Info.plist;
				LD_RUNPATH_SEARCH_PATHS = "$(inherited) @executable_path/Frameworks @loader_path/Frameworks";
				PRODUCT_BUNDLE_IDENTIFIER = dghosh.dPongUITests;
				PRODUCT_NAME = "$(TARGET_NAME)";
				TEST_TARGET_NAME = dPong;
			};
			name = Debug;
		};
		D59B2D751E83A01B00426CC7 /* Release */ = {
			isa = XCBuildConfiguration;
			buildSettings = {
				INFOPLIST_FILE = dPongUITests/Info.plist;
				LD_RUNPATH_SEARCH_PATHS = "$(inherited) @executable_path/Frameworks @loader_path/Frameworks";
				PRODUCT_BUNDLE_IDENTIFIER = dghosh.dPongUITests;
				PRODUCT_NAME = "$(TARGET_NAME)";
				TEST_TARGET_NAME = dPong;
			};
			name = Release;
		};
/* End XCBuildConfiguration section */

/* Begin XCConfigurationList section */
		D59B2D3B1E83A01B00426CC7 /* Build configuration list for PBXProject "dPong" */ = {
			isa = XCConfigurationList;
			buildConfigurations = (
				D59B2D6B1E83A01B00426CC7 /* Debug */,
				D59B2D6C1E83A01B00426CC7 /* Release */,
			);
			defaultConfigurationIsVisible = 0;
			defaultConfigurationName = Release;
		};
		D59B2D6D1E83A01B00426CC7 /* Build configuration list for PBXNativeTarget "dPong" */ = {
			isa = XCConfigurationList;
			buildConfigurations = (
				D59B2D6E1E83A01B00426CC7 /* Debug */,
				D59B2D6F1E83A01B00426CC7 /* Release */,
			);
			defaultConfigurationIsVisible = 0;
		};
		D59B2D701E83A01B00426CC7 /* Build configuration list for PBXNativeTarget "dPongTests" */ = {
			isa = XCConfigurationList;
			buildConfigurations = (
				D59B2D711E83A01B00426CC7 /* Debug */,
				D59B2D721E83A01B00426CC7 /* Release */,
			);
			defaultConfigurationIsVisible = 0;
		};
		D59B2D731E83A01B00426CC7 /* Build configuration list for PBXNativeTarget "dPongUITests" */ = {
			isa = XCConfigurationList;
			buildConfigurations = (
				D59B2D741E83A01B00426CC7 /* Debug */,
				D59B2D751E83A01B00426CC7 /* Release */,
			);
			defaultConfigurationIsVisible = 0;
		};
/* End XCConfigurationList section */
	};
	rootObject = D59B2D381E83A01B00426CC7 /* Project object */;
}
